// !$*UTF8*$!
{
	archiveVersion = 1;
	classes = {
	};
	objectVersion = 46;
	objects = {

/* Begin PBXBuildFile section */
		8F147B5E1A703A6100BB5591 /* color.png in Resources */ = {isa = PBXBuildFile; fileRef = 8F147B5D1A703A6100BB5591 /* color.png */; };
		8FC328681A6E03930086B81C /* main.m in Sources */ = {isa = PBXBuildFile; fileRef = 8FC328671A6E03930086B81C /* main.m */; };
		8FC3286B1A6E03930086B81C /* AppDelegate.m in Sources */ = {isa = PBXBuildFile; fileRef = 8FC3286A1A6E03930086B81C /* AppDelegate.m */; };
		8FC3286E1A6E03930086B81C /* Home.m in Sources */ = {isa = PBXBuildFile; fileRef = 8FC3286D1A6E03930086B81C /* Home.m */; };
		8FC328711A6E03930086B81C /* Main.storyboard in Resources */ = {isa = PBXBuildFile; fileRef = 8FC3286F1A6E03930086B81C /* Main.storyboard */; };
		8FC328731A6E03930086B81C /* Images.xcassets in Resources */ = {isa = PBXBuildFile; fileRef = 8FC328721A6E03930086B81C /* Images.xcassets */; };
		8FC328761A6E03930086B81C /* LaunchScreen.xib in Resources */ = {isa = PBXBuildFile; fileRef = 8FC328741A6E03930086B81C /* LaunchScreen.xib */; };
		8FC328821A6E03940086B81C /* ColorSlideTests.m in Sources */ = {isa = PBXBuildFile; fileRef = 8FC328811A6E03940086B81C /* ColorSlideTests.m */; };
/* End PBXBuildFile section */

/* Begin PBXContainerItemProxy section */
		8FC3287C1A6E03940086B81C /* PBXContainerItemProxy */ = {
			isa = PBXContainerItemProxy;
			containerPortal = 8FC3285A1A6E03930086B81C /* Project object */;
			proxyType = 1;
			remoteGlobalIDString = 8FC328611A6E03930086B81C;
			remoteInfo = ColorSlide;
		};
/* End PBXContainerItemProxy section */

/* Begin PBXFileReference section */
		8F147B5D1A703A6100BB5591 /* color.png */ = {isa = PBXFileReference; lastKnownFileType = image.png; path = color.png; sourceTree = "<group>"; };
		8FC328621A6E03930086B81C /* ColorSlide.app */ = {isa = PBXFileReference; explicitFileType = wrapper.application; includeInIndex = 0; path = ColorSlide.app; sourceTree = BUILT_PRODUCTS_DIR; };
		8FC328661A6E03930086B81C /* Info.plist */ = {isa = PBXFileReference; lastKnownFileType = text.plist.xml; path = Info.plist; sourceTree = "<group>"; };
		8FC328671A6E03930086B81C /* main.m */ = {isa = PBXFileReference; lastKnownFileType = sourcecode.c.objc; path = main.m; sourceTree = "<group>"; };
		8FC328691A6E03930086B81C /* AppDelegate.h */ = {isa = PBXFileReference; lastKnownFileType = sourcecode.c.h; path = AppDelegate.h; sourceTree = "<group>"; };
		8FC3286A1A6E03930086B81C /* AppDelegate.m */ = {isa = PBXFileReference; lastKnownFileType = sourcecode.c.objc; path = AppDelegate.m; sourceTree = "<group>"; };
		8FC3286C1A6E03930086B81C /* Home.h */ = {isa = PBXFileReference; lastKnownFileType = sourcecode.c.h; path = Home.h; sourceTree = "<group>"; };
		8FC3286D1A6E03930086B81C /* Home.m */ = {isa = PBXFileReference; lastKnownFileType = sourcecode.c.objc; path = Home.m; sourceTree = "<group>"; };
		8FC328701A6E03930086B81C /* Base */ = {isa = PBXFileReference; lastKnownFileType = file.storyboard; name = Base; path = Base.lproj/Main.storyboard; sourceTree = "<group>"; };
		8FC328721A6E03930086B81C /* Images.xcassets */ = {isa = PBXFileReference; lastKnownFileType = folder.assetcatalog; path = Images.xcassets; sourceTree = "<group>"; };
		8FC328751A6E03930086B81C /* Base */ = {isa = PBXFileReference; lastKnownFileType = file.xib; name = Base; path = Base.lproj/LaunchScreen.xib; sourceTree = "<group>"; };
		8FC3287B1A6E03940086B81C /* ColorSlideTests.xctest */ = {isa = PBXFileReference; explicitFileType = wrapper.cfbundle; includeInIndex = 0; path = ColorSlideTests.xctest; sourceTree = BUILT_PRODUCTS_DIR; };
		8FC328801A6E03940086B81C /* Info.plist */ = {isa = PBXFileReference; lastKnownFileType = text.plist.xml; path = Info.plist; sourceTree = "<group>"; };
		8FC328811A6E03940086B81C /* ColorSlideTests.m */ = {isa = PBXFileReference; lastKnownFileType = sourcecode.c.objc; path = ColorSlideTests.m; sourceTree = "<group>"; };
/* End PBXFileReference section */

/* Begin PBXFrameworksBuildPhase section */
		8FC3285F1A6E03930086B81C /* Frameworks */ = {
			isa = PBXFrameworksBuildPhase;
			buildActionMask = 2147483647;
			files = (
			);
			runOnlyForDeploymentPostprocessing = 0;
		};
		8FC328781A6E03940086B81C /* Frameworks */ = {
			isa = PBXFrameworksBuildPhase;
			buildActionMask = 2147483647;
			files = (
			);
			runOnlyForDeploymentPostprocessing = 0;
		};
/* End PBXFrameworksBuildPhase section */

/* Begin PBXGroup section */
		8F147B5C1A703A4E00BB5591 /* images */ = {
			isa = PBXGroup;
			children = (
				8F147B5D1A703A6100BB5591 /* color.png */,
			);
			name = images;
			sourceTree = "<group>";
		};
		8FC328591A6E03930086B81C = {
			isa = PBXGroup;
			children = (
				8FC328641A6E03930086B81C /* ColorSlide */,
				8FC3287E1A6E03940086B81C /* ColorSlideTests */,
				8FC328631A6E03930086B81C /* Products */,
			);
			sourceTree = "<group>";
		};
		8FC328631A6E03930086B81C /* Products */ = {
			isa = PBXGroup;
			children = (
				8FC328621A6E03930086B81C /* ColorSlide.app */,
				8FC3287B1A6E03940086B81C /* ColorSlideTests.xctest */,
			);
			name = Products;
			sourceTree = "<group>";
		};
		8FC328641A6E03930086B81C /* ColorSlide */ = {
			isa = PBXGroup;
			children = (
				8F147B5C1A703A4E00BB5591 /* images */,
				8FC328691A6E03930086B81C /* AppDelegate.h */,
				8FC3286A1A6E03930086B81C /* AppDelegate.m */,
				8FC3286C1A6E03930086B81C /* Home.h */,
				8FC3286D1A6E03930086B81C /* Home.m */,
				8FC3286F1A6E03930086B81C /* Main.storyboard */,
				8FC328721A6E03930086B81C /* Images.xcassets */,
				8FC328741A6E03930086B81C /* LaunchScreen.xib */,
				8FC328651A6E03930086B81C /* Supporting Files */,
			);
			path = ColorSlide;
			sourceTree = "<group>";
		};
		8FC328651A6E03930086B81C /* Supporting Files */ = {
			isa = PBXGroup;
			children = (
				8FC328661A6E03930086B81C /* Info.plist */,
				8FC328671A6E03930086B81C /* main.m */,
			);
			name = "Supporting Files";
			sourceTree = "<group>";
		};
		8FC3287E1A6E03940086B81C /* ColorSlideTests */ = {
			isa = PBXGroup;
			children = (
				8FC328811A6E03940086B81C /* ColorSlideTests.m */,
				8FC3287F1A6E03940086B81C /* Supporting Files */,
			);
			path = ColorSlideTests;
			sourceTree = "<group>";
		};
		8FC3287F1A6E03940086B81C /* Supporting Files */ = {
			isa = PBXGroup;
			children = (
				8FC328801A6E03940086B81C /* Info.plist */,
			);
			name = "Supporting Files";
			sourceTree = "<group>";
		};
/* End PBXGroup section */

/* Begin PBXNativeTarget section */
		8FC328611A6E03930086B81C /* ColorSlide */ = {
			isa = PBXNativeTarget;
			buildConfigurationList = 8FC328851A6E03940086B81C /* Build configuration list for PBXNativeTarget "ColorSlide" */;
			buildPhases = (
				8FC3285E1A6E03930086B81C /* Sources */,
				8FC3285F1A6E03930086B81C /* Frameworks */,
				8FC328601A6E03930086B81C /* Resources */,
			);
			buildRules = (
			);
			dependencies = (
			);
			name = ColorSlide;
			productName = ColorSlide;
			productReference = 8FC328621A6E03930086B81C /* ColorSlide.app */;
			productType = "com.apple.product-type.application";
		};
		8FC3287A1A6E03940086B81C /* ColorSlideTests */ = {
			isa = PBXNativeTarget;
			buildConfigurationList = 8FC328881A6E03940086B81C /* Build configuration list for PBXNativeTarget "ColorSlideTests" */;
			buildPhases = (
				8FC328771A6E03940086B81C /* Sources */,
				8FC328781A6E03940086B81C /* Frameworks */,
				8FC328791A6E03940086B81C /* Resources */,
			);
			buildRules = (
			);
			dependencies = (
				8FC3287D1A6E03940086B81C /* PBXTargetDependency */,
			);
			name = ColorSlideTests;
			productName = ColorSlideTests;
			productReference = 8FC3287B1A6E03940086B81C /* ColorSlideTests.xctest */;
			productType = "com.apple.product-type.bundle.unit-test";
		};
/* End PBXNativeTarget section */

/* Begin PBXProject section */
		8FC3285A1A6E03930086B81C /* Project object */ = {
			isa = PBXProject;
			attributes = {
				LastUpgradeCheck = 0610;
				ORGANIZATIONNAME = TRON;
				TargetAttributes = {
					8FC328611A6E03930086B81C = {
						CreatedOnToolsVersion = 6.1.1;
					};
					8FC3287A1A6E03940086B81C = {
						CreatedOnToolsVersion = 6.1.1;
						TestTargetID = 8FC328611A6E03930086B81C;
					};
				};
			};
			buildConfigurationList = 8FC3285D1A6E03930086B81C /* Build configuration list for PBXProject "ColorSlide" */;
			compatibilityVersion = "Xcode 3.2";
			developmentRegion = English;
			hasScannedForEncodings = 0;
			knownRegions = (
				en,
				Base,
			);
			mainGroup = 8FC328591A6E03930086B81C;
			productRefGroup = 8FC328631A6E03930086B81C /* Products */;
			projectDirPath = "";
			projectRoot = "";
			targets = (
				8FC328611A6E03930086B81C /* ColorSlide */,
				8FC3287A1A6E03940086B81C /* ColorSlideTests */,
			);
		};
/* End PBXProject section */

/* Begin PBXResourcesBuildPhase section */
		8FC328601A6E03930086B81C /* Resources */ = {
			isa = PBXResourcesBuildPhase;
			buildActionMask = 2147483647;
			files = (
				8FC328711A6E03930086B81C /* Main.storyboard in Resources */,
				8FC328761A6E03930086B81C /* LaunchScreen.xib in Resources */,
				8FC328731A6E03930086B81C /* Images.xcassets in Resources */,
				8F147B5E1A703A6100BB5591 /* color.png in Resources */,
			);
			runOnlyForDeploymentPostprocessing = 0;
		};
		8FC328791A6E03940086B81C /* Resources */ = {
			isa = PBXResourcesBuildPhase;
			buildActionMask = 2147483647;
			files = (
			);
			runOnlyForDeploymentPostprocessing = 0;
		};
/* End PBXResourcesBuildPhase section */

/* Begin PBXSourcesBuildPhase section */
		8FC3285E1A6E03930086B81C /* Sources */ = {
			isa = PBXSourcesBuildPhase;
			buildActionMask = 2147483647;
			files = (
				8FC3286E1A6E03930086B81C /* Home.m in Sources */,
				8FC3286B1A6E03930086B81C /* AppDelegate.m in Sources */,
				8FC328681A6E03930086B81C /* main.m in Sources */,
			);
			runOnlyForDeploymentPostprocessing = 0;
		};
		8FC328771A6E03940086B81C /* Sources */ = {
			isa = PBXSourcesBuildPhase;
			buildActionMask = 2147483647;
			files = (
				8FC328821A6E03940086B81C /* ColorSlideTests.m in Sources */,
			);
			runOnlyForDeploymentPostprocessing = 0;
		};
/* End PBXSourcesBuildPhase section */

/* Begin PBXTargetDependency section */
		8FC3287D1A6E03940086B81C /* PBXTargetDependency */ = {
			isa = PBXTargetDependency;
			target = 8FC328611A6E03930086B81C /* ColorSlide */;
			targetProxy = 8FC3287C1A6E03940086B81C /* PBXContainerItemProxy */;
		};
/* End PBXTargetDependency section */

/* Begin PBXVariantGroup section */
		8FC3286F1A6E03930086B81C /* Main.storyboard */ = {
			isa = PBXVariantGroup;
			children = (
				8FC328701A6E03930086B81C /* Base */,
			);
			name = Main.storyboard;
			sourceTree = "<group>";
		};
		8FC328741A6E03930086B81C /* LaunchScreen.xib */ = {
			isa = PBXVariantGroup;
			children = (
				8FC328751A6E03930086B81C /* Base */,
			);
			name = LaunchScreen.xib;
			sourceTree = "<group>";
		};
/* End PBXVariantGroup section */

/* Begin XCBuildConfiguration section */
		8FC328831A6E03940086B81C /* Debug */ = {
			isa = XCBuildConfiguration;
			buildSettings = {
				ALWAYS_SEARCH_USER_PATHS = NO;
				CLANG_CXX_LANGUAGE_STANDARD = "gnu++0x";
				CLANG_CXX_LIBRARY = "libc++";
				CLANG_ENABLE_MODULES = YES;
				CLANG_ENABLE_OBJC_ARC = YES;
				CLANG_WARN_BOOL_CONVERSION = YES;
				CLANG_WARN_CONSTANT_CONVERSION = YES;
				CLANG_WARN_DIRECT_OBJC_ISA_USAGE = YES_ERROR;
				CLANG_WARN_EMPTY_BODY = YES;
				CLANG_WARN_ENUM_CONVERSION = YES;
				CLANG_WARN_INT_CONVERSION = YES;
				CLANG_WARN_OBJC_ROOT_CLASS = YES_ERROR;
				CLANG_WARN_UNREACHABLE_CODE = YES;
				CLANG_WARN__DUPLICATE_METHOD_MATCH = YES;
				"CODE_SIGN_IDENTITY[sdk=iphoneos*]" = "iPhone Developer";
				COPY_PHASE_STRIP = NO;
				ENABLE_STRICT_OBJC_MSGSEND = YES;
				GCC_C_LANGUAGE_STANDARD = gnu99;
				GCC_DYNAMIC_NO_PIC = NO;
				GCC_OPTIMIZATION_LEVEL = 0;
				GCC_PREPROCESSOR_DEFINITIONS = (
					"DEBUG=1",
					"$(inherited)",
				);
				GCC_SYMBOLS_PRIVATE_EXTERN = NO;
				GCC_WARN_64_TO_32_BIT_CONVERSION = YES;
				GCC_WARN_ABOUT_RETURN_TYPE = YES_ERROR;
				GCC_WARN_UNDECLARED_SELECTOR = YES;
				GCC_WARN_UNINITIALIZED_AUTOS = YES_AGGRESSIVE;
				GCC_WARN_UNUSED_FUNCTION = YES;
				GCC_WARN_UNUSED_VARIABLE = YES;
				IPHONEOS_DEPLOYMENT_TARGET = 8.1;
				MTL_ENABLE_DEBUG_INFO = YES;
				ONLY_ACTIVE_ARCH = YES;
				SDKROOT = iphoneos;
			};
			name = Debug;
		};
		8FC328841A6E03940086B81C /* Release */ = {
			isa = XCBuildConfiguration;
			buildSettings = {
				ALWAYS_SEARCH_USER_PATHS = NO;
				CLANG_CXX_LANGUAGE_STANDARD = "gnu++0x";
				CLANG_CXX_LIBRARY = "libc++";
				CLANG_ENABLE_MODULES = YES;
				CLANG_ENABLE_OBJC_ARC = YES;
				CLANG_WARN_BOOL_CONVERSION = YES;
				CLANG_WARN_CONSTANT_CONVERSION = YES;
				CLANG_WARN_DIRECT_OBJC_ISA_USAGE = YES_ERROR;
				CLANG_WARN_EMPTY_BODY = YES;
				CLANG_WARN_ENUM_CONVERSION = YES;
				CLANG_WARN_INT_CONVERSION = YES;
				CLANG_WARN_OBJC_ROOT_CLASS = YES_ERROR;
				CLANG_WARN_UNREACHABLE_CODE = YES;
				CLANG_WARN__DUPLICATE_METHOD_MATCH = YES;
				"CODE_SIGN_IDENTITY[sdk=iphoneos*]" = "iPhone Developer";
				COPY_PHASE_STRIP = YES;
				ENABLE_NS_ASSERTIONS = NO;
				ENABLE_STRICT_OBJC_MSGSEND = YES;
				GCC_C_LANGUAGE_STANDARD = gnu99;
				GCC_WARN_64_TO_32_BIT_CONVERSION = YES;
				GCC_WARN_ABOUT_RETURN_TYPE = YES_ERROR;
				GCC_WARN_UNDECLARED_SELECTOR = YES;
				GCC_WARN_UNINITIALIZED_AUTOS = YES_AGGRESSIVE;
				GCC_WARN_UNUSED_FUNCTION = YES;
				GCC_WARN_UNUSED_VARIABLE = YES;
				IPHONEOS_DEPLOYMENT_TARGET = 8.1;
				MTL_ENABLE_DEBUG_INFO = NO;
				SDKROOT = iphoneos;
				VALIDATE_PRODUCT = YES;
			};
			name = Release;
		};
		8FC328861A6E03940086B81C /* Debug */ = {
			isa = XCBuildConfiguration;
			buildSettings = {
				ASSETCATALOG_COMPILER_APPICON_NAME = AppIcon;
				INFOPLIST_FILE = ColorSlide/Info.plist;
				IPHONEOS_DEPLOYMENT_TARGET = 8.0;
				LD_RUNPATH_SEARCH_PATHS = "$(inherited) @executable_path/Frameworks";
				PRODUCT_NAME = "$(TARGET_NAME)";
			};
			name = Debug;
		};
		8FC328871A6E03940086B81C /* Release */ = {
			isa = XCBuildConfiguration;
			buildSettings = {
				ASSETCATALOG_COMPILER_APPICON_NAME = AppIcon;
				INFOPLIST_FILE = ColorSlide/Info.plist;
				IPHONEOS_DEPLOYMENT_TARGET = 8.0;
				LD_RUNPATH_SEARCH_PATHS = "$(inherited) @executable_path/Frameworks";
				PRODUCT_NAME = "$(TARGET_NAME)";
			};
			name = Release;
		};
		8FC328891A6E03940086B81C /* Debug */ = {
			isa = XCBuildConfiguration;
			buildSettings = {
				BUNDLE_LOADER = "$(TEST_HOST)";
				FRAMEWORK_SEARCH_PATHS = (
					"$(SDKROOT)/Developer/Library/Frameworks",
					"$(inherited)",
				);
				GCC_PREPROCESSOR_DEFINITIONS = (
					"DEBUG=1",
					"$(inherited)",
				);
				INFOPLIST_FILE = ColorSlideTests/Info.plist;
				LD_RUNPATH_SEARCH_PATHS = "$(inherited) @executable_path/Frameworks @loader_path/Frameworks";
				PRODUCT_NAME = "$(TARGET_NAME)";
				TEST_HOST = "$(BUILT_PRODUCTS_DIR)/ColorSlide.app/ColorSlide";
			};
			name = Debug;
		};
		8FC3288A1A6E03940086B81C /* Release */ = {
			isa = XCBuildConfiguration;
			buildSettings = {
				BUNDLE_LOADER = "$(TEST_HOST)";
				FRAMEWORK_SEARCH_PATHS = (
					"$(SDKROOT)/Developer/Library/Frameworks",
					"$(inherited)",
				);
				INFOPLIST_FILE = ColorSlideTests/Info.plist;
				LD_RUNPATH_SEARCH_PATHS = "$(inherited) @executable_path/Frameworks @loader_path/Frameworks";
				PRODUCT_NAME = "$(TARGET_NAME)";
				TEST_HOST = "$(BUILT_PRODUCTS_DIR)/ColorSlide.app/ColorSlide";
			};
			name = Release;
		};
/* End XCBuildConfiguration section */

/* Begin XCConfigurationList section */
		8FC3285D1A6E03930086B81C /* Build configuration list for PBXProject "ColorSlide" */ = {
			isa = XCConfigurationList;
			buildConfigurations = (
				8FC328831A6E03940086B81C /* Debug */,
				8FC328841A6E03940086B81C /* Release */,
			);
			defaultConfigurationIsVisible = 0;
			defaultConfigurationName = Release;
		};
		8FC328851A6E03940086B81C /* Build configuration list for PBXNativeTarget "ColorSlide" */ = {
			isa = XCConfigurationList;
			buildConfigurations = (
				8FC328861A6E03940086B81C /* Debug */,
				8FC328871A6E03940086B81C /* Release */,
			);
			defaultConfigurationIsVisible = 0;
			defaultConfigurationName = Release;
		};
		8FC328881A6E03940086B81C /* Build configuration list for PBXNativeTarget "ColorSlideTests" */ = {
			isa = XCConfigurationList;
			buildConfigurations = (
				8FC328891A6E03940086B81C /* Debug */,
				8FC3288A1A6E03940086B81C /* Release */,
			);
			defaultConfigurationIsVisible = 0;
			defaultConfigurationName = Release;
		};
/* End XCConfigurationList section */
	};
	rootObject = 8FC3285A1A6E03930086B81C /* Project object */;
}
